
Microsoft Visual Studio Solution File, Format Version 12.00
# Visual Studio Version 16
VisualStudioVersion = 16.0.30804.86
MinimumVisualStudioVersion = 10.0.40219.1
Project("{FAE04EC0-301F-11D3-BF4B-00C04F79EFBC}") = "Odev4", "Odev4\Odev4.csproj", "{DFAC7BCD-CD02-4F38-B49C-5CD10A125AF1}"
EndProject
Global
	GlobalSection(SolutionConfigurationPlatforms) = preSolution
		Debug|Any CPU = Debug|Any CPU
		Release|Any CPU = Release|Any CPU
	EndGlobalSection
	GlobalSection(ProjectConfigurationPlatforms) = postSolution
		{DFAC7BCD-CD02-4F38-B49C-5CD10A125AF1}.Debug|Any CPU.ActiveCfg = Debug|Any CPU
		{DFAC7BCD-CD02-4F38-B49C-5CD10A125AF1}.Debug|Any CPU.Build.0 = Debug|Any CPU
		{DFAC7BCD-CD02-4F38-B49C-5CD10A125AF1}.Release|Any CPU.ActiveCfg = Release|Any CPU
		{DFAC7BCD-CD02-4F38-B49C-5CD10A125AF1}.Release|Any CPU.Build.0 = Release|Any CPU
	EndGlobalSection
	GlobalSection(SolutionProperties) = preSolution
		HideSolutionNode = FALSE
	EndGlobalSection
	GlobalSection(ExtensibilityGlobals) = postSolution
		SolutionGuid = {152F0AA5-3423-4B44-A0A4-E28EB7F9D01C}
	EndGlobalSection
EndGlobal
